
Microsoft Visual Studio Solution File, Format Version 12.00
# Visual Studio Version 17
VisualStudioVersion = 17.4.33403.182
MinimumVisualStudioVersion = 10.0.40219.1
Project("{FAE04EC0-301F-11D3-BF4B-00C04F79EFBC}") = "Otelcim.org", "Otelcim.org\Otelcim.org.csproj", "{140BFA50-6584-4FA0-B185-C02140F8A9C9}"
EndProject
Project("{2150E333-8FDC-42A3-9474-1A3956D46DE8}") = "Common", "Common", "{E0A0CAAF-4BED-4CF2-99D6-398FDC1D33C5}"
EndProject
Project("{FAE04EC0-301F-11D3-BF4B-00C04F79EFBC}") = "Otel.CommonClass", "Otel.CommonClass\Otel.CommonClass.csproj", "{E67A90FE-1AAB-41E6-9151-63993E6F95E1}"
EndProject
Global
	GlobalSection(SolutionConfigurationPlatforms) = preSolution
		Debug|Any CPU = Debug|Any CPU
		Release|Any CPU = Release|Any CPU
	EndGlobalSection
	GlobalSection(ProjectConfigurationPlatforms) = postSolution
		{140BFA50-6584-4FA0-B185-C02140F8A9C9}.Debug|Any CPU.ActiveCfg = Debug|Any CPU
		{140BFA50-6584-4FA0-B185-C02140F8A9C9}.Debug|Any CPU.Build.0 = Debug|Any CPU
		{140BFA50-6584-4FA0-B185-C02140F8A9C9}.Release|Any CPU.ActiveCfg = Release|Any CPU
		{140BFA50-6584-4FA0-B185-C02140F8A9C9}.Release|Any CPU.Build.0 = Release|Any CPU
		{E67A90FE-1AAB-41E6-9151-63993E6F95E1}.Debug|Any CPU.ActiveCfg = Debug|Any CPU
		{E67A90FE-1AAB-41E6-9151-63993E6F95E1}.Debug|Any CPU.Build.0 = Debug|Any CPU
		{E67A90FE-1AAB-41E6-9151-63993E6F95E1}.Release|Any CPU.ActiveCfg = Release|Any CPU
		{E67A90FE-1AAB-41E6-9151-63993E6F95E1}.Release|Any CPU.Build.0 = Release|Any CPU
	EndGlobalSection
	GlobalSection(SolutionProperties) = preSolution
		HideSolutionNode = FALSE
	EndGlobalSection
	GlobalSection(NestedProjects) = preSolution
		{E67A90FE-1AAB-41E6-9151-63993E6F95E1} = {E0A0CAAF-4BED-4CF2-99D6-398FDC1D33C5}
	EndGlobalSection
	GlobalSection(ExtensibilityGlobals) = postSolution
		SolutionGuid = {8568DB75-B0FE-46E7-9D8C-9B354D11573E}
	EndGlobalSection
EndGlobal
